{
  "object": {
    "pins": [
      {
        "package": "Defaults",
        "repositoryURL": "https://github.com/sindresorhus/Defaults.git",
        "state": {
          "branch": null,
          "revision": "63dcea312f9cbd17064294a3ae99c9147704b65f",
          "version": "4.2.1"
        }
      },
      {
        "package": "Router",
        "repositoryURL": "https://github.com/ReactComponentKit/Router.git",
        "state": {
          "branch": null,
          "revision": "75487fcde7d2696b3f93c725c36abf5fb88aaa68",
          "version": "0.0.15"
        }
      }
    ]
  },
  "version": 1
}
