{
  "object": {
    "pins": [
      {
        "package": "Defaults",
        "repositoryURL": "https://github.com/sindresorhus/Defaults.git",
        "state": {
          "branch": null,
          "revision": "63dcea312f9cbd17064294a3ae99c9147704b65f",
          "version": "4.2.1"
        }
      },
      {
        "package": "Router",
        "repositoryURL": "https://github.com/ReactComponentKit/Router.git",
        "state": {
          "branch": null,
          "revision": "13ed00bac1091c19fee44344056a769cf5068c08",
          "version": "0.0.9"
        }
      }
    ]
  },
  "version": 1
}
